
Microsoft Visual Studio Solution File, Format Version 12.00
# Visual Studio Version 17
VisualStudioVersion = 17.5.002.0
MinimumVisualStudioVersion = 10.0.40219.1
Project("{FAE04EC0-301F-11D3-BF4B-00C04F79EFBC}") = "ConsoleClient", "ConsoleClient\ConsoleClient.csproj", "{BF2CF647-3C1E-4BCE-8B45-14882F62E589}"
EndProject
Project("{FAE04EC0-301F-11D3-BF4B-00C04F79EFBC}") = "WebServer", "WebServer\WebServer.csproj", "{CC1C34EE-78F2-4D4D-8364-4F85BADCC6FE}"
EndProject
Project("{FAE04EC0-301F-11D3-BF4B-00C04F79EFBC}") = "WebClient", "WebClient\WebClient.csproj", "{EBC3700E-CC12-4001-905C-BBBBC35D1B7F}"
EndProject
Global
	GlobalSection(SolutionConfigurationPlatforms) = preSolution
		Debug|Any CPU = Debug|Any CPU
		Release|Any CPU = Release|Any CPU
	EndGlobalSection
	GlobalSection(ProjectConfigurationPlatforms) = postSolution
		{04CBBA27-6A7B-4FE9-BF7F-810A8F4163B3}.Debug|Any CPU.ActiveCfg = Debug|Any CPU
		{04CBBA27-6A7B-4FE9-BF7F-810A8F4163B3}.Debug|Any CPU.Build.0 = Debug|Any CPU
		{04CBBA27-6A7B-4FE9-BF7F-810A8F4163B3}.Release|Any CPU.ActiveCfg = Release|Any CPU
		{04CBBA27-6A7B-4FE9-BF7F-810A8F4163B3}.Release|Any CPU.Build.0 = Release|Any CPU
		{19CB8809-953B-493C-A3A9-9D768945CB1F}.Debug|Any CPU.ActiveCfg = Debug|Any CPU
		{19CB8809-953B-493C-A3A9-9D768945CB1F}.Debug|Any CPU.Build.0 = Debug|Any CPU
		{19CB8809-953B-493C-A3A9-9D768945CB1F}.Release|Any CPU.ActiveCfg = Release|Any CPU
		{19CB8809-953B-493C-A3A9-9D768945CB1F}.Release|Any CPU.Build.0 = Release|Any CPU
		{BF2CF647-3C1E-4BCE-8B45-14882F62E589}.Debug|Any CPU.ActiveCfg = Debug|Any CPU
		{BF2CF647-3C1E-4BCE-8B45-14882F62E589}.Debug|Any CPU.Build.0 = Debug|Any CPU
		{BF2CF647-3C1E-4BCE-8B45-14882F62E589}.Release|Any CPU.ActiveCfg = Release|Any CPU
		{BF2CF647-3C1E-4BCE-8B45-14882F62E589}.Release|Any CPU.Build.0 = Release|Any CPU
		{CC1C34EE-78F2-4D4D-8364-4F85BADCC6FE}.Debug|Any CPU.ActiveCfg = Debug|Any CPU
		{CC1C34EE-78F2-4D4D-8364-4F85BADCC6FE}.Debug|Any CPU.Build.0 = Debug|Any CPU
		{CC1C34EE-78F2-4D4D-8364-4F85BADCC6FE}.Release|Any CPU.ActiveCfg = Release|Any CPU
		{CC1C34EE-78F2-4D4D-8364-4F85BADCC6FE}.Release|Any CPU.Build.0 = Release|Any CPU
		{EBC3700E-CC12-4001-905C-BBBBC35D1B7F}.Debug|Any CPU.ActiveCfg = Debug|Any CPU
		{EBC3700E-CC12-4001-905C-BBBBC35D1B7F}.Debug|Any CPU.Build.0 = Debug|Any CPU
		{EBC3700E-CC12-4001-905C-BBBBC35D1B7F}.Release|Any CPU.ActiveCfg = Release|Any CPU
		{EBC3700E-CC12-4001-905C-BBBBC35D1B7F}.Release|Any CPU.Build.0 = Release|Any CPU
	EndGlobalSection
	GlobalSection(SolutionProperties) = preSolution
		HideSolutionNode = FALSE
	EndGlobalSection
	GlobalSection(ExtensibilityGlobals) = postSolution
		SolutionGuid = {CDB9D8D1-3BCE-4FBF-B709-096CB02F9605}
	EndGlobalSection
EndGlobal
